// !$*UTF8*$!
{
	archiveVersion = 1;
	classes = {
	};
	objectVersion = 50;
	objects = {

/* Begin PBXBuildFile section */
		1C04B370118F9249C8C78A3C /* Pods_GomokuUITests.framework in Frameworks */ = {isa = PBXBuildFile; fileRef = 160FF3B34B30EAEEC2B4ACF8 /* Pods_GomokuUITests.framework */; };
		3415670322FBE8CA00B2B8CA /* UIButtonExtension.swift in Sources */ = {isa = PBXBuildFile; fileRef = 3415670222FBE8CA00B2B8CA /* UIButtonExtension.swift */; };
		3477C8822300EE75008EF63A /* Colors.swift in Sources */ = {isa = PBXBuildFile; fileRef = 3477C8812300EE75008EF63A /* Colors.swift */; };
		347D12FC22FD2D44003CDCA3 /* SystemAlert.swift in Sources */ = {isa = PBXBuildFile; fileRef = 347D12FB22FD2D44003CDCA3 /* SystemAlert.swift */; };
		34BD529AA0773AC7CB4861F8 /* Pods_Gomoku.framework in Frameworks */ = {isa = PBXBuildFile; fileRef = CAD5110F2CDD63F85467DC5E /* Pods_Gomoku.framework */; };
		34D07FEC22FBD82200933C3D /* AppDelegate.swift in Sources */ = {isa = PBXBuildFile; fileRef = 34D07FEB22FBD82200933C3D /* AppDelegate.swift */; };
		34D07FF122FBD82200933C3D /* Main.storyboard in Resources */ = {isa = PBXBuildFile; fileRef = 34D07FEF22FBD82200933C3D /* Main.storyboard */; };
		34D07FF322FBD82300933C3D /* Assets.xcassets in Resources */ = {isa = PBXBuildFile; fileRef = 34D07FF222FBD82300933C3D /* Assets.xcassets */; };
		34D07FF622FBD82300933C3D /* LaunchScreen.storyboard in Resources */ = {isa = PBXBuildFile; fileRef = 34D07FF422FBD82300933C3D /* LaunchScreen.storyboard */; };
		34D0800122FBD82300933C3D /* GomokuTests.swift in Sources */ = {isa = PBXBuildFile; fileRef = 34D0800022FBD82300933C3D /* GomokuTests.swift */; };
		34D0800C22FBD82300933C3D /* GomokuUITests.swift in Sources */ = {isa = PBXBuildFile; fileRef = 34D0800B22FBD82300933C3D /* GomokuUITests.swift */; };
		34D0801B22FBD9E300933C3D /* GomokuViewController.swift in Sources */ = {isa = PBXBuildFile; fileRef = 34D0801A22FBD9E300933C3D /* GomokuViewController.swift */; };
		46D1842B1752CE4ABEE31353 /* Pods_GomokuTests.framework in Frameworks */ = {isa = PBXBuildFile; fileRef = B59C01483A66391575BE50DF /* Pods_GomokuTests.framework */; };
/* End PBXBuildFile section */

/* Begin PBXContainerItemProxy section */
		34D07FFD22FBD82300933C3D /* PBXContainerItemProxy */ = {
			isa = PBXContainerItemProxy;
			containerPortal = 34D07FE022FBD82200933C3D /* Project object */;
			proxyType = 1;
			remoteGlobalIDString = 34D07FE722FBD82200933C3D;
			remoteInfo = Gomoku;
		};
		34D0800822FBD82300933C3D /* PBXContainerItemProxy */ = {
			isa = PBXContainerItemProxy;
			containerPortal = 34D07FE022FBD82200933C3D /* Project object */;
			proxyType = 1;
			remoteGlobalIDString = 34D07FE722FBD82200933C3D;
			remoteInfo = Gomoku;
		};
/* End PBXContainerItemProxy section */

/* Begin PBXFileReference section */
		0E50932597FA8D56B30E77AA /* Pods-GomokuUITests.debug.xcconfig */ = {isa = PBXFileReference; includeInIndex = 1; lastKnownFileType = text.xcconfig; name = "Pods-GomokuUITests.debug.xcconfig"; path = "Target Support Files/Pods-GomokuUITests/Pods-GomokuUITests.debug.xcconfig"; sourceTree = "<group>"; };
		160FF3B34B30EAEEC2B4ACF8 /* Pods_GomokuUITests.framework */ = {isa = PBXFileReference; explicitFileType = wrapper.framework; includeInIndex = 0; path = Pods_GomokuUITests.framework; sourceTree = BUILT_PRODUCTS_DIR; };
		3415670222FBE8CA00B2B8CA /* UIButtonExtension.swift */ = {isa = PBXFileReference; lastKnownFileType = sourcecode.swift; path = UIButtonExtension.swift; sourceTree = "<group>"; };
		3477C8812300EE75008EF63A /* Colors.swift */ = {isa = PBXFileReference; lastKnownFileType = sourcecode.swift; path = Colors.swift; sourceTree = "<group>"; };
		347D12FB22FD2D44003CDCA3 /* SystemAlert.swift */ = {isa = PBXFileReference; lastKnownFileType = sourcecode.swift; path = SystemAlert.swift; sourceTree = "<group>"; };
		34D07FE822FBD82200933C3D /* Gomoku.app */ = {isa = PBXFileReference; explicitFileType = wrapper.application; includeInIndex = 0; path = Gomoku.app; sourceTree = BUILT_PRODUCTS_DIR; };
		34D07FEB22FBD82200933C3D /* AppDelegate.swift */ = {isa = PBXFileReference; lastKnownFileType = sourcecode.swift; path = AppDelegate.swift; sourceTree = "<group>"; };
		34D07FF022FBD82200933C3D /* Base */ = {isa = PBXFileReference; lastKnownFileType = file.storyboard; name = Base; path = Base.lproj/Main.storyboard; sourceTree = "<group>"; };
		34D07FF222FBD82300933C3D /* Assets.xcassets */ = {isa = PBXFileReference; lastKnownFileType = folder.assetcatalog; path = Assets.xcassets; sourceTree = "<group>"; };
		34D07FF522FBD82300933C3D /* Base */ = {isa = PBXFileReference; lastKnownFileType = file.storyboard; name = Base; path = Base.lproj/LaunchScreen.storyboard; sourceTree = "<group>"; };
		34D07FF722FBD82300933C3D /* Info.plist */ = {isa = PBXFileReference; lastKnownFileType = text.plist.xml; path = Info.plist; sourceTree = "<group>"; };
		34D07FFC22FBD82300933C3D /* GomokuTests.xctest */ = {isa = PBXFileReference; explicitFileType = wrapper.cfbundle; includeInIndex = 0; path = GomokuTests.xctest; sourceTree = BUILT_PRODUCTS_DIR; };
		34D0800022FBD82300933C3D /* GomokuTests.swift */ = {isa = PBXFileReference; lastKnownFileType = sourcecode.swift; path = GomokuTests.swift; sourceTree = "<group>"; };
		34D0800222FBD82300933C3D /* Info.plist */ = {isa = PBXFileReference; lastKnownFileType = text.plist.xml; path = Info.plist; sourceTree = "<group>"; };
		34D0800722FBD82300933C3D /* GomokuUITests.xctest */ = {isa = PBXFileReference; explicitFileType = wrapper.cfbundle; includeInIndex = 0; path = GomokuUITests.xctest; sourceTree = BUILT_PRODUCTS_DIR; };
		34D0800B22FBD82300933C3D /* GomokuUITests.swift */ = {isa = PBXFileReference; lastKnownFileType = sourcecode.swift; path = GomokuUITests.swift; sourceTree = "<group>"; };
		34D0800D22FBD82300933C3D /* Info.plist */ = {isa = PBXFileReference; lastKnownFileType = text.plist.xml; path = Info.plist; sourceTree = "<group>"; };
		34D0801A22FBD9E300933C3D /* GomokuViewController.swift */ = {isa = PBXFileReference; lastKnownFileType = sourcecode.swift; path = GomokuViewController.swift; sourceTree = "<group>"; };
		37C7B8143B4B93021F2BE087 /* Pods-Gomoku.debug.xcconfig */ = {isa = PBXFileReference; includeInIndex = 1; lastKnownFileType = text.xcconfig; name = "Pods-Gomoku.debug.xcconfig"; path = "Target Support Files/Pods-Gomoku/Pods-Gomoku.debug.xcconfig"; sourceTree = "<group>"; };
		801FC9D820ECA3551C4D4B97 /* Pods-GomokuTests.release.xcconfig */ = {isa = PBXFileReference; includeInIndex = 1; lastKnownFileType = text.xcconfig; name = "Pods-GomokuTests.release.xcconfig"; path = "Target Support Files/Pods-GomokuTests/Pods-GomokuTests.release.xcconfig"; sourceTree = "<group>"; };
		8A036CDCF3A5BE5AC621CF8C /* Pods-GomokuUITests.release.xcconfig */ = {isa = PBXFileReference; includeInIndex = 1; lastKnownFileType = text.xcconfig; name = "Pods-GomokuUITests.release.xcconfig"; path = "Target Support Files/Pods-GomokuUITests/Pods-GomokuUITests.release.xcconfig"; sourceTree = "<group>"; };
		A13A96A50F91CD203069966B /* Pods-Gomoku.release.xcconfig */ = {isa = PBXFileReference; includeInIndex = 1; lastKnownFileType = text.xcconfig; name = "Pods-Gomoku.release.xcconfig"; path = "Target Support Files/Pods-Gomoku/Pods-Gomoku.release.xcconfig"; sourceTree = "<group>"; };
		B59C01483A66391575BE50DF /* Pods_GomokuTests.framework */ = {isa = PBXFileReference; explicitFileType = wrapper.framework; includeInIndex = 0; path = Pods_GomokuTests.framework; sourceTree = BUILT_PRODUCTS_DIR; };
		CAD5110F2CDD63F85467DC5E /* Pods_Gomoku.framework */ = {isa = PBXFileReference; explicitFileType = wrapper.framework; includeInIndex = 0; path = Pods_Gomoku.framework; sourceTree = BUILT_PRODUCTS_DIR; };
		ED1B15AA7EA1016C1A9C37C2 /* Pods-GomokuTests.debug.xcconfig */ = {isa = PBXFileReference; includeInIndex = 1; lastKnownFileType = text.xcconfig; name = "Pods-GomokuTests.debug.xcconfig"; path = "Target Support Files/Pods-GomokuTests/Pods-GomokuTests.debug.xcconfig"; sourceTree = "<group>"; };
/* End PBXFileReference section */

/* Begin PBXFrameworksBuildPhase section */
		34D07FE522FBD82200933C3D /* Frameworks */ = {
			isa = PBXFrameworksBuildPhase;
			buildActionMask = 2147483647;
			files = (
				34BD529AA0773AC7CB4861F8 /* Pods_Gomoku.framework in Frameworks */,
			);
			runOnlyForDeploymentPostprocessing = 0;
		};
		34D07FF922FBD82300933C3D /* Frameworks */ = {
			isa = PBXFrameworksBuildPhase;
			buildActionMask = 2147483647;
			files = (
				46D1842B1752CE4ABEE31353 /* Pods_GomokuTests.framework in Frameworks */,
			);
			runOnlyForDeploymentPostprocessing = 0;
		};
		34D0800422FBD82300933C3D /* Frameworks */ = {
			isa = PBXFrameworksBuildPhase;
			buildActionMask = 2147483647;
			files = (
				1C04B370118F9249C8C78A3C /* Pods_GomokuUITests.framework in Frameworks */,
			);
			runOnlyForDeploymentPostprocessing = 0;
		};
/* End PBXFrameworksBuildPhase section */

/* Begin PBXGroup section */
		023056A17D3C8CCFEC32B866 /* Frameworks */ = {
			isa = PBXGroup;
			children = (
				CAD5110F2CDD63F85467DC5E /* Pods_Gomoku.framework */,
				B59C01483A66391575BE50DF /* Pods_GomokuTests.framework */,
				160FF3B34B30EAEEC2B4ACF8 /* Pods_GomokuUITests.framework */,
			);
			name = Frameworks;
			sourceTree = "<group>";
		};
		2962CF0A0A2B0AE12478E5E2 /* Pods */ = {
			isa = PBXGroup;
			children = (
				37C7B8143B4B93021F2BE087 /* Pods-Gomoku.debug.xcconfig */,
				A13A96A50F91CD203069966B /* Pods-Gomoku.release.xcconfig */,
				ED1B15AA7EA1016C1A9C37C2 /* Pods-GomokuTests.debug.xcconfig */,
				801FC9D820ECA3551C4D4B97 /* Pods-GomokuTests.release.xcconfig */,
				0E50932597FA8D56B30E77AA /* Pods-GomokuUITests.debug.xcconfig */,
				8A036CDCF3A5BE5AC621CF8C /* Pods-GomokuUITests.release.xcconfig */,
			);
			path = Pods;
			sourceTree = "<group>";
		};
		3415670122FBE8B500B2B8CA /* Extensions */ = {
			isa = PBXGroup;
			children = (
				3415670222FBE8CA00B2B8CA /* UIButtonExtension.swift */,
			);
			path = Extensions;
			sourceTree = "<group>";
		};
		347D12FA22FD2D2A003CDCA3 /* Utilities */ = {
			isa = PBXGroup;
			children = (
				347D12FB22FD2D44003CDCA3 /* SystemAlert.swift */,
				3477C8812300EE75008EF63A /* Colors.swift */,
			);
			path = Utilities;
			sourceTree = "<group>";
		};
		34D07FDF22FBD82200933C3D = {
			isa = PBXGroup;
			children = (
				34D07FEA22FBD82200933C3D /* Gomoku */,
				34D07FFF22FBD82300933C3D /* GomokuTests */,
				34D0800A22FBD82300933C3D /* GomokuUITests */,
				34D07FE922FBD82200933C3D /* Products */,
				2962CF0A0A2B0AE12478E5E2 /* Pods */,
				023056A17D3C8CCFEC32B866 /* Frameworks */,
			);
			sourceTree = "<group>";
		};
		34D07FE922FBD82200933C3D /* Products */ = {
			isa = PBXGroup;
			children = (
				34D07FE822FBD82200933C3D /* Gomoku.app */,
				34D07FFC22FBD82300933C3D /* GomokuTests.xctest */,
				34D0800722FBD82300933C3D /* GomokuUITests.xctest */,
			);
			name = Products;
			sourceTree = "<group>";
		};
		34D07FEA22FBD82200933C3D /* Gomoku */ = {
			isa = PBXGroup;
			children = (
				347D12FA22FD2D2A003CDCA3 /* Utilities */,
				3415670122FBE8B500B2B8CA /* Extensions */,
				34D0801922FBD9C500933C3D /* ViewControllers */,
				34D07FEB22FBD82200933C3D /* AppDelegate.swift */,
				34D07FEF22FBD82200933C3D /* Main.storyboard */,
				34D07FF222FBD82300933C3D /* Assets.xcassets */,
				34D07FF422FBD82300933C3D /* LaunchScreen.storyboard */,
				34D07FF722FBD82300933C3D /* Info.plist */,
			);
			path = Gomoku;
			sourceTree = "<group>";
		};
		34D07FFF22FBD82300933C3D /* GomokuTests */ = {
			isa = PBXGroup;
			children = (
				34D0800022FBD82300933C3D /* GomokuTests.swift */,
				34D0800222FBD82300933C3D /* Info.plist */,
			);
			path = GomokuTests;
			sourceTree = "<group>";
		};
		34D0800A22FBD82300933C3D /* GomokuUITests */ = {
			isa = PBXGroup;
			children = (
				34D0800B22FBD82300933C3D /* GomokuUITests.swift */,
				34D0800D22FBD82300933C3D /* Info.plist */,
			);
			path = GomokuUITests;
			sourceTree = "<group>";
		};
		34D0801922FBD9C500933C3D /* ViewControllers */ = {
			isa = PBXGroup;
			children = (
				34D0801A22FBD9E300933C3D /* GomokuViewController.swift */,
			);
			path = ViewControllers;
			sourceTree = "<group>";
		};
/* End PBXGroup section */

/* Begin PBXNativeTarget section */
		34D07FE722FBD82200933C3D /* Gomoku */ = {
			isa = PBXNativeTarget;
			buildConfigurationList = 34D0801022FBD82300933C3D /* Build configuration list for PBXNativeTarget "Gomoku" */;
			buildPhases = (
				F7DC768AA5EAFFFA4734FDA6 /* [CP] Check Pods Manifest.lock */,
				34D07FE422FBD82200933C3D /* Sources */,
				34D07FE522FBD82200933C3D /* Frameworks */,
				34D07FE622FBD82200933C3D /* Resources */,
				5AD4A74C4A60F9B69D476A11 /* [CP] Embed Pods Frameworks */,
			);
			buildRules = (
			);
			dependencies = (
			);
			name = Gomoku;
			productName = Gomoku;
			productReference = 34D07FE822FBD82200933C3D /* Gomoku.app */;
			productType = "com.apple.product-type.application";
		};
		34D07FFB22FBD82300933C3D /* GomokuTests */ = {
			isa = PBXNativeTarget;
			buildConfigurationList = 34D0801322FBD82300933C3D /* Build configuration list for PBXNativeTarget "GomokuTests" */;
			buildPhases = (
				DABFBD58C09CA6AB705B5E72 /* [CP] Check Pods Manifest.lock */,
				34D07FF822FBD82300933C3D /* Sources */,
				34D07FF922FBD82300933C3D /* Frameworks */,
				34D07FFA22FBD82300933C3D /* Resources */,
			);
			buildRules = (
			);
			dependencies = (
				34D07FFE22FBD82300933C3D /* PBXTargetDependency */,
			);
			name = GomokuTests;
			productName = GomokuTests;
			productReference = 34D07FFC22FBD82300933C3D /* GomokuTests.xctest */;
			productType = "com.apple.product-type.bundle.unit-test";
		};
		34D0800622FBD82300933C3D /* GomokuUITests */ = {
			isa = PBXNativeTarget;
			buildConfigurationList = 34D0801622FBD82300933C3D /* Build configuration list for PBXNativeTarget "GomokuUITests" */;
			buildPhases = (
				E1CB6A0697235C47B87A6FC4 /* [CP] Check Pods Manifest.lock */,
				34D0800322FBD82300933C3D /* Sources */,
				34D0800422FBD82300933C3D /* Frameworks */,
				34D0800522FBD82300933C3D /* Resources */,
			);
			buildRules = (
			);
			dependencies = (
				34D0800922FBD82300933C3D /* PBXTargetDependency */,
			);
			name = GomokuUITests;
			productName = GomokuUITests;
			productReference = 34D0800722FBD82300933C3D /* GomokuUITests.xctest */;
			productType = "com.apple.product-type.bundle.ui-testing";
		};
/* End PBXNativeTarget section */

/* Begin PBXProject section */
		34D07FE022FBD82200933C3D /* Project object */ = {
			isa = PBXProject;
			attributes = {
				LastSwiftUpdateCheck = 1020;
				LastUpgradeCheck = 1020;
				ORGANIZATIONNAME = "iOS dev";
				TargetAttributes = {
					34D07FE722FBD82200933C3D = {
						CreatedOnToolsVersion = 10.2;
					};
					34D07FFB22FBD82300933C3D = {
						CreatedOnToolsVersion = 10.2;
						TestTargetID = 34D07FE722FBD82200933C3D;
					};
					34D0800622FBD82300933C3D = {
						CreatedOnToolsVersion = 10.2;
						TestTargetID = 34D07FE722FBD82200933C3D;
					};
				};
			};
			buildConfigurationList = 34D07FE322FBD82200933C3D /* Build configuration list for PBXProject "Gomoku" */;
			compatibilityVersion = "Xcode 9.3";
			developmentRegion = en;
			hasScannedForEncodings = 0;
			knownRegions = (
				en,
				Base,
			);
			mainGroup = 34D07FDF22FBD82200933C3D;
			productRefGroup = 34D07FE922FBD82200933C3D /* Products */;
			projectDirPath = "";
			projectRoot = "";
			targets = (
				34D07FE722FBD82200933C3D /* Gomoku */,
				34D07FFB22FBD82300933C3D /* GomokuTests */,
				34D0800622FBD82300933C3D /* GomokuUITests */,
			);
		};
/* End PBXProject section */

/* Begin PBXResourcesBuildPhase section */
		34D07FE622FBD82200933C3D /* Resources */ = {
			isa = PBXResourcesBuildPhase;
			buildActionMask = 2147483647;
			files = (
				34D07FF622FBD82300933C3D /* LaunchScreen.storyboard in Resources */,
				34D07FF322FBD82300933C3D /* Assets.xcassets in Resources */,
				34D07FF122FBD82200933C3D /* Main.storyboard in Resources */,
			);
			runOnlyForDeploymentPostprocessing = 0;
		};
		34D07FFA22FBD82300933C3D /* Resources */ = {
			isa = PBXResourcesBuildPhase;
			buildActionMask = 2147483647;
			files = (
			);
			runOnlyForDeploymentPostprocessing = 0;
		};
		34D0800522FBD82300933C3D /* Resources */ = {
			isa = PBXResourcesBuildPhase;
			buildActionMask = 2147483647;
			files = (
			);
			runOnlyForDeploymentPostprocessing = 0;
		};
/* End PBXResourcesBuildPhase section */

/* Begin PBXShellScriptBuildPhase section */
		5AD4A74C4A60F9B69D476A11 /* [CP] Embed Pods Frameworks */ = {
			isa = PBXShellScriptBuildPhase;
			buildActionMask = 2147483647;
			files = (
			);
			inputFileListPaths = (
			);
			inputPaths = (
				"${PODS_ROOT}/Target Support Files/Pods-Gomoku/Pods-Gomoku-frameworks.sh",
				"${BUILT_PRODUCTS_DIR}/SnapKit/SnapKit.framework",
				"${BUILT_PRODUCTS_DIR}/Socket.IO-Client-Swift/SocketIO.framework",
				"${BUILT_PRODUCTS_DIR}/Starscream/Starscream.framework",
			);
			name = "[CP] Embed Pods Frameworks";
			outputFileListPaths = (
			);
			outputPaths = (
				"${TARGET_BUILD_DIR}/${FRAMEWORKS_FOLDER_PATH}/SnapKit.framework",
				"${TARGET_BUILD_DIR}/${FRAMEWORKS_FOLDER_PATH}/SocketIO.framework",
				"${TARGET_BUILD_DIR}/${FRAMEWORKS_FOLDER_PATH}/Starscream.framework",
			);
			runOnlyForDeploymentPostprocessing = 0;
			shellPath = /bin/sh;
			shellScript = "\"${PODS_ROOT}/Target Support Files/Pods-Gomoku/Pods-Gomoku-frameworks.sh\"\n";
			showEnvVarsInLog = 0;
		};
		DABFBD58C09CA6AB705B5E72 /* [CP] Check Pods Manifest.lock */ = {
			isa = PBXShellScriptBuildPhase;
			buildActionMask = 2147483647;
			files = (
			);
			inputFileListPaths = (
			);
			inputPaths = (
				"${PODS_PODFILE_DIR_PATH}/Podfile.lock",
				"${PODS_ROOT}/Manifest.lock",
			);
			name = "[CP] Check Pods Manifest.lock";
			outputFileListPaths = (
			);
			outputPaths = (
				"$(DERIVED_FILE_DIR)/Pods-GomokuTests-checkManifestLockResult.txt",
			);
			runOnlyForDeploymentPostprocessing = 0;
			shellPath = /bin/sh;
			shellScript = "diff \"${PODS_PODFILE_DIR_PATH}/Podfile.lock\" \"${PODS_ROOT}/Manifest.lock\" > /dev/null\nif [ $? != 0 ] ; then\n    # print error to STDERR\n    echo \"error: The sandbox is not in sync with the Podfile.lock. Run 'pod install' or update your CocoaPods installation.\" >&2\n    exit 1\nfi\n# This output is used by Xcode 'outputs' to avoid re-running this script phase.\necho \"SUCCESS\" > \"${SCRIPT_OUTPUT_FILE_0}\"\n";
			showEnvVarsInLog = 0;
		};
		E1CB6A0697235C47B87A6FC4 /* [CP] Check Pods Manifest.lock */ = {
			isa = PBXShellScriptBuildPhase;
			buildActionMask = 2147483647;
			files = (
			);
			inputFileListPaths = (
			);
			inputPaths = (
				"${PODS_PODFILE_DIR_PATH}/Podfile.lock",
				"${PODS_ROOT}/Manifest.lock",
			);
			name = "[CP] Check Pods Manifest.lock";
			outputFileListPaths = (
			);
			outputPaths = (
				"$(DERIVED_FILE_DIR)/Pods-GomokuUITests-checkManifestLockResult.txt",
			);
			runOnlyForDeploymentPostprocessing = 0;
			shellPath = /bin/sh;
			shellScript = "diff \"${PODS_PODFILE_DIR_PATH}/Podfile.lock\" \"${PODS_ROOT}/Manifest.lock\" > /dev/null\nif [ $? != 0 ] ; then\n    # print error to STDERR\n    echo \"error: The sandbox is not in sync with the Podfile.lock. Run 'pod install' or update your CocoaPods installation.\" >&2\n    exit 1\nfi\n# This output is used by Xcode 'outputs' to avoid re-running this script phase.\necho \"SUCCESS\" > \"${SCRIPT_OUTPUT_FILE_0}\"\n";
			showEnvVarsInLog = 0;
		};
		F7DC768AA5EAFFFA4734FDA6 /* [CP] Check Pods Manifest.lock */ = {
			isa = PBXShellScriptBuildPhase;
			buildActionMask = 2147483647;
			files = (
			);
			inputFileListPaths = (
			);
			inputPaths = (
				"${PODS_PODFILE_DIR_PATH}/Podfile.lock",
				"${PODS_ROOT}/Manifest.lock",
			);
			name = "[CP] Check Pods Manifest.lock";
			outputFileListPaths = (
			);
			outputPaths = (
				"$(DERIVED_FILE_DIR)/Pods-Gomoku-checkManifestLockResult.txt",
			);
			runOnlyForDeploymentPostprocessing = 0;
			shellPath = /bin/sh;
			shellScript = "diff \"${PODS_PODFILE_DIR_PATH}/Podfile.lock\" \"${PODS_ROOT}/Manifest.lock\" > /dev/null\nif [ $? != 0 ] ; then\n    # print error to STDERR\n    echo \"error: The sandbox is not in sync with the Podfile.lock. Run 'pod install' or update your CocoaPods installation.\" >&2\n    exit 1\nfi\n# This output is used by Xcode 'outputs' to avoid re-running this script phase.\necho \"SUCCESS\" > \"${SCRIPT_OUTPUT_FILE_0}\"\n";
			showEnvVarsInLog = 0;
		};
/* End PBXShellScriptBuildPhase section */

/* Begin PBXSourcesBuildPhase section */
		34D07FE422FBD82200933C3D /* Sources */ = {
			isa = PBXSourcesBuildPhase;
			buildActionMask = 2147483647;
			files = (
				34D07FEC22FBD82200933C3D /* AppDelegate.swift in Sources */,
				3477C8822300EE75008EF63A /* Colors.swift in Sources */,
				347D12FC22FD2D44003CDCA3 /* SystemAlert.swift in Sources */,
				34D0801B22FBD9E300933C3D /* GomokuViewController.swift in Sources */,
				3415670322FBE8CA00B2B8CA /* UIButtonExtension.swift in Sources */,
			);
			runOnlyForDeploymentPostprocessing = 0;
		};
		34D07FF822FBD82300933C3D /* Sources */ = {
			isa = PBXSourcesBuildPhase;
			buildActionMask = 2147483647;
			files = (
				34D0800122FBD82300933C3D /* GomokuTests.swift in Sources */,
			);
			runOnlyForDeploymentPostprocessing = 0;
		};
		34D0800322FBD82300933C3D /* Sources */ = {
			isa = PBXSourcesBuildPhase;
			buildActionMask = 2147483647;
			files = (
				34D0800C22FBD82300933C3D /* GomokuUITests.swift in Sources */,
			);
			runOnlyForDeploymentPostprocessing = 0;
		};
/* End PBXSourcesBuildPhase section */

/* Begin PBXTargetDependency section */
		34D07FFE22FBD82300933C3D /* PBXTargetDependency */ = {
			isa = PBXTargetDependency;
			target = 34D07FE722FBD82200933C3D /* Gomoku */;
			targetProxy = 34D07FFD22FBD82300933C3D /* PBXContainerItemProxy */;
		};
		34D0800922FBD82300933C3D /* PBXTargetDependency */ = {
			isa = PBXTargetDependency;
			target = 34D07FE722FBD82200933C3D /* Gomoku */;
			targetProxy = 34D0800822FBD82300933C3D /* PBXContainerItemProxy */;
		};
/* End PBXTargetDependency section */

/* Begin PBXVariantGroup section */
		34D07FEF22FBD82200933C3D /* Main.storyboard */ = {
			isa = PBXVariantGroup;
			children = (
				34D07FF022FBD82200933C3D /* Base */,
			);
			name = Main.storyboard;
			sourceTree = "<group>";
		};
		34D07FF422FBD82300933C3D /* LaunchScreen.storyboard */ = {
			isa = PBXVariantGroup;
			children = (
				34D07FF522FBD82300933C3D /* Base */,
			);
			name = LaunchScreen.storyboard;
			sourceTree = "<group>";
		};
/* End PBXVariantGroup section */

/* Begin XCBuildConfiguration section */
		34D0800E22FBD82300933C3D /* Debug */ = {
			isa = XCBuildConfiguration;
			buildSettings = {
				ALWAYS_SEARCH_USER_PATHS = NO;
				CLANG_ANALYZER_NONNULL = YES;
				CLANG_ANALYZER_NUMBER_OBJECT_CONVERSION = YES_AGGRESSIVE;
				CLANG_CXX_LANGUAGE_STANDARD = "gnu++14";
				CLANG_CXX_LIBRARY = "libc++";
				CLANG_ENABLE_MODULES = YES;
				CLANG_ENABLE_OBJC_ARC = YES;
				CLANG_ENABLE_OBJC_WEAK = YES;
				CLANG_WARN_BLOCK_CAPTURE_AUTORELEASING = YES;
				CLANG_WARN_BOOL_CONVERSION = YES;
				CLANG_WARN_COMMA = YES;
				CLANG_WARN_CONSTANT_CONVERSION = YES;
				CLANG_WARN_DEPRECATED_OBJC_IMPLEMENTATIONS = YES;
				CLANG_WARN_DIRECT_OBJC_ISA_USAGE = YES_ERROR;
				CLANG_WARN_DOCUMENTATION_COMMENTS = YES;
				CLANG_WARN_EMPTY_BODY = YES;
				CLANG_WARN_ENUM_CONVERSION = YES;
				CLANG_WARN_INFINITE_RECURSION = YES;
				CLANG_WARN_INT_CONVERSION = YES;
				CLANG_WARN_NON_LITERAL_NULL_CONVERSION = YES;
				CLANG_WARN_OBJC_IMPLICIT_RETAIN_SELF = YES;
				CLANG_WARN_OBJC_LITERAL_CONVERSION = YES;
				CLANG_WARN_OBJC_ROOT_CLASS = YES_ERROR;
				CLANG_WARN_RANGE_LOOP_ANALYSIS = YES;
				CLANG_WARN_STRICT_PROTOTYPES = YES;
				CLANG_WARN_SUSPICIOUS_MOVE = YES;
				CLANG_WARN_UNGUARDED_AVAILABILITY = YES_AGGRESSIVE;
				CLANG_WARN_UNREACHABLE_CODE = YES;
				CLANG_WARN__DUPLICATE_METHOD_MATCH = YES;
				CODE_SIGN_IDENTITY = "iPhone Developer";
				COPY_PHASE_STRIP = NO;
				DEBUG_INFORMATION_FORMAT = dwarf;
				ENABLE_STRICT_OBJC_MSGSEND = YES;
				ENABLE_TESTABILITY = YES;
				GCC_C_LANGUAGE_STANDARD = gnu11;
				GCC_DYNAMIC_NO_PIC = NO;
				GCC_NO_COMMON_BLOCKS = YES;
				GCC_OPTIMIZATION_LEVEL = 0;
				GCC_PREPROCESSOR_DEFINITIONS = (
					"DEBUG=1",
					"$(inherited)",
				);
				GCC_WARN_64_TO_32_BIT_CONVERSION = YES;
				GCC_WARN_ABOUT_RETURN_TYPE = YES_ERROR;
				GCC_WARN_UNDECLARED_SELECTOR = YES;
				GCC_WARN_UNINITIALIZED_AUTOS = YES_AGGRESSIVE;
				GCC_WARN_UNUSED_FUNCTION = YES;
				GCC_WARN_UNUSED_VARIABLE = YES;
				IPHONEOS_DEPLOYMENT_TARGET = 12.2;
				MTL_ENABLE_DEBUG_INFO = INCLUDE_SOURCE;
				MTL_FAST_MATH = YES;
				ONLY_ACTIVE_ARCH = YES;
				SDKROOT = iphoneos;
				SWIFT_ACTIVE_COMPILATION_CONDITIONS = DEBUG;
				SWIFT_OPTIMIZATION_LEVEL = "-Onone";
			};
			name = Debug;
		};
		34D0800F22FBD82300933C3D /* Release */ = {
			isa = XCBuildConfiguration;
			buildSettings = {
				ALWAYS_SEARCH_USER_PATHS = NO;
				CLANG_ANALYZER_NONNULL = YES;
				CLANG_ANALYZER_NUMBER_OBJECT_CONVERSION = YES_AGGRESSIVE;
				CLANG_CXX_LANGUAGE_STANDARD = "gnu++14";
				CLANG_CXX_LIBRARY = "libc++";
				CLANG_ENABLE_MODULES = YES;
				CLANG_ENABLE_OBJC_ARC = YES;
				CLANG_ENABLE_OBJC_WEAK = YES;
				CLANG_WARN_BLOCK_CAPTURE_AUTORELEASING = YES;
				CLANG_WARN_BOOL_CONVERSION = YES;
				CLANG_WARN_COMMA = YES;
				CLANG_WARN_CONSTANT_CONVERSION = YES;
				CLANG_WARN_DEPRECATED_OBJC_IMPLEMENTATIONS = YES;
				CLANG_WARN_DIRECT_OBJC_ISA_USAGE = YES_ERROR;
				CLANG_WARN_DOCUMENTATION_COMMENTS = YES;
				CLANG_WARN_EMPTY_BODY = YES;
				CLANG_WARN_ENUM_CONVERSION = YES;
				CLANG_WARN_INFINITE_RECURSION = YES;
				CLANG_WARN_INT_CONVERSION = YES;
				CLANG_WARN_NON_LITERAL_NULL_CONVERSION = YES;
				CLANG_WARN_OBJC_IMPLICIT_RETAIN_SELF = YES;
				CLANG_WARN_OBJC_LITERAL_CONVERSION = YES;
				CLANG_WARN_OBJC_ROOT_CLASS = YES_ERROR;
				CLANG_WARN_RANGE_LOOP_ANALYSIS = YES;
				CLANG_WARN_STRICT_PROTOTYPES = YES;
				CLANG_WARN_SUSPICIOUS_MOVE = YES;
				CLANG_WARN_UNGUARDED_AVAILABILITY = YES_AGGRESSIVE;
				CLANG_WARN_UNREACHABLE_CODE = YES;
				CLANG_WARN__DUPLICATE_METHOD_MATCH = YES;
				CODE_SIGN_IDENTITY = "iPhone Developer";
				COPY_PHASE_STRIP = NO;
				DEBUG_INFORMATION_FORMAT = "dwarf-with-dsym";
				ENABLE_NS_ASSERTIONS = NO;
				ENABLE_STRICT_OBJC_MSGSEND = YES;
				GCC_C_LANGUAGE_STANDARD = gnu11;
				GCC_NO_COMMON_BLOCKS = YES;
				GCC_WARN_64_TO_32_BIT_CONVERSION = YES;
				GCC_WARN_ABOUT_RETURN_TYPE = YES_ERROR;
				GCC_WARN_UNDECLARED_SELECTOR = YES;
				GCC_WARN_UNINITIALIZED_AUTOS = YES_AGGRESSIVE;
				GCC_WARN_UNUSED_FUNCTION = YES;
				GCC_WARN_UNUSED_VARIABLE = YES;
				IPHONEOS_DEPLOYMENT_TARGET = 12.2;
				MTL_ENABLE_DEBUG_INFO = NO;
				MTL_FAST_MATH = YES;
				SDKROOT = iphoneos;
				SWIFT_COMPILATION_MODE = wholemodule;
				SWIFT_OPTIMIZATION_LEVEL = "-O";
				VALIDATE_PRODUCT = YES;
			};
			name = Release;
		};
		34D0801122FBD82300933C3D /* Debug */ = {
			isa = XCBuildConfiguration;
			baseConfigurationReference = 37C7B8143B4B93021F2BE087 /* Pods-Gomoku.debug.xcconfig */;
			buildSettings = {
				ASSETCATALOG_COMPILER_APPICON_NAME = AppIcon;
				CODE_SIGN_STYLE = Automatic;
				DEVELOPMENT_TEAM = 5Y7CYDXX25;
				INFOPLIST_FILE = Gomoku/Info.plist;
				LD_RUNPATH_SEARCH_PATHS = (
					"$(inherited)",
					"@executable_path/Frameworks",
				);
				PRODUCT_BUNDLE_IDENTIFIER = test.Gomoku;
				PRODUCT_NAME = "$(TARGET_NAME)";
				SWIFT_VERSION = 5.0;
				TARGETED_DEVICE_FAMILY = "1,2";
			};
			name = Debug;
		};
		34D0801222FBD82300933C3D /* Release */ = {
			isa = XCBuildConfiguration;
			baseConfigurationReference = A13A96A50F91CD203069966B /* Pods-Gomoku.release.xcconfig */;
			buildSettings = {
				ASSETCATALOG_COMPILER_APPICON_NAME = AppIcon;
				CODE_SIGN_STYLE = Automatic;
				DEVELOPMENT_TEAM = 5Y7CYDXX25;
				INFOPLIST_FILE = Gomoku/Info.plist;
				LD_RUNPATH_SEARCH_PATHS = (
					"$(inherited)",
					"@executable_path/Frameworks",
				);
				PRODUCT_BUNDLE_IDENTIFIER = test.Gomoku;
				PRODUCT_NAME = "$(TARGET_NAME)";
				SWIFT_VERSION = 5.0;
				TARGETED_DEVICE_FAMILY = "1,2";
			};
			name = Release;
		};
		34D0801422FBD82300933C3D /* Debug */ = {
			isa = XCBuildConfiguration;
			baseConfigurationReference = ED1B15AA7EA1016C1A9C37C2 /* Pods-GomokuTests.debug.xcconfig */;
			buildSettings = {
				ALWAYS_EMBED_SWIFT_STANDARD_LIBRARIES = YES;
				BUNDLE_LOADER = "$(TEST_HOST)";
				CODE_SIGN_STYLE = Automatic;
				DEVELOPMENT_TEAM = 5Y7CYDXX25;
				INFOPLIST_FILE = GomokuTests/Info.plist;
				LD_RUNPATH_SEARCH_PATHS = (
					"$(inherited)",
					"@executable_path/Frameworks",
					"@loader_path/Frameworks",
				);
				PRODUCT_BUNDLE_IDENTIFIER = test.GomokuTests;
				PRODUCT_NAME = "$(TARGET_NAME)";
				SWIFT_VERSION = 5.0;
				TARGETED_DEVICE_FAMILY = "1,2";
				TEST_HOST = "$(BUILT_PRODUCTS_DIR)/Gomoku.app/Gomoku";
			};
			name = Debug;
		};
		34D0801522FBD82300933C3D /* Release */ = {
			isa = XCBuildConfiguration;
			baseConfigurationReference = 801FC9D820ECA3551C4D4B97 /* Pods-GomokuTests.release.xcconfig */;
			buildSettings = {
				ALWAYS_EMBED_SWIFT_STANDARD_LIBRARIES = YES;
				BUNDLE_LOADER = "$(TEST_HOST)";
				CODE_SIGN_STYLE = Automatic;
				DEVELOPMENT_TEAM = 5Y7CYDXX25;
				INFOPLIST_FILE = GomokuTests/Info.plist;
				LD_RUNPATH_SEARCH_PATHS = (
					"$(inherited)",
					"@executable_path/Frameworks",
					"@loader_path/Frameworks",
				);
				PRODUCT_BUNDLE_IDENTIFIER = test.GomokuTests;
				PRODUCT_NAME = "$(TARGET_NAME)";
				SWIFT_VERSION = 5.0;
				TARGETED_DEVICE_FAMILY = "1,2";
				TEST_HOST = "$(BUILT_PRODUCTS_DIR)/Gomoku.app/Gomoku";
			};
			name = Release;
		};
		34D0801722FBD82300933C3D /* Debug */ = {
			isa = XCBuildConfiguration;
			baseConfigurationReference = 0E50932597FA8D56B30E77AA /* Pods-GomokuUITests.debug.xcconfig */;
			buildSettings = {
				ALWAYS_EMBED_SWIFT_STANDARD_LIBRARIES = YES;
				CODE_SIGN_STYLE = Automatic;
				DEVELOPMENT_TEAM = 5Y7CYDXX25;
				INFOPLIST_FILE = GomokuUITests/Info.plist;
				LD_RUNPATH_SEARCH_PATHS = (
					"$(inherited)",
					"@executable_path/Frameworks",
					"@loader_path/Frameworks",
				);
				PRODUCT_BUNDLE_IDENTIFIER = test.GomokuUITests;
				PRODUCT_NAME = "$(TARGET_NAME)";
				SWIFT_VERSION = 5.0;
				TARGETED_DEVICE_FAMILY = "1,2";
				TEST_TARGET_NAME = Gomoku;
			};
			name = Debug;
		};
		34D0801822FBD82300933C3D /* Release */ = {
			isa = XCBuildConfiguration;
			baseConfigurationReference = 8A036CDCF3A5BE5AC621CF8C /* Pods-GomokuUITests.release.xcconfig */;
			buildSettings = {
				ALWAYS_EMBED_SWIFT_STANDARD_LIBRARIES = YES;
				CODE_SIGN_STYLE = Automatic;
				DEVELOPMENT_TEAM = 5Y7CYDXX25;
				INFOPLIST_FILE = GomokuUITests/Info.plist;
				LD_RUNPATH_SEARCH_PATHS = (
					"$(inherited)",
					"@executable_path/Frameworks",
					"@loader_path/Frameworks",
				);
				PRODUCT_BUNDLE_IDENTIFIER = test.GomokuUITests;
				PRODUCT_NAME = "$(TARGET_NAME)";
				SWIFT_VERSION = 5.0;
				TARGETED_DEVICE_FAMILY = "1,2";
				TEST_TARGET_NAME = Gomoku;
			};
			name = Release;
		};
/* End XCBuildConfiguration section */

/* Begin XCConfigurationList section */
		34D07FE322FBD82200933C3D /* Build configuration list for PBXProject "Gomoku" */ = {
			isa = XCConfigurationList;
			buildConfigurations = (
				34D0800E22FBD82300933C3D /* Debug */,
				34D0800F22FBD82300933C3D /* Release */,
			);
			defaultConfigurationIsVisible = 0;
			defaultConfigurationName = Release;
		};
		34D0801022FBD82300933C3D /* Build configuration list for PBXNativeTarget "Gomoku" */ = {
			isa = XCConfigurationList;
			buildConfigurations = (
				34D0801122FBD82300933C3D /* Debug */,
				34D0801222FBD82300933C3D /* Release */,
			);
			defaultConfigurationIsVisible = 0;
			defaultConfigurationName = Release;
		};
		34D0801322FBD82300933C3D /* Build configuration list for PBXNativeTarget "GomokuTests" */ = {
			isa = XCConfigurationList;
			buildConfigurations = (
				34D0801422FBD82300933C3D /* Debug */,
				34D0801522FBD82300933C3D /* Release */,
			);
			defaultConfigurationIsVisible = 0;
			defaultConfigurationName = Release;
		};
		34D0801622FBD82300933C3D /* Build configuration list for PBXNativeTarget "GomokuUITests" */ = {
			isa = XCConfigurationList;
			buildConfigurations = (
				34D0801722FBD82300933C3D /* Debug */,
				34D0801822FBD82300933C3D /* Release */,
			);
			defaultConfigurationIsVisible = 0;
			defaultConfigurationName = Release;
		};
/* End XCConfigurationList section */
	};
	rootObject = 34D07FE022FBD82200933C3D /* Project object */;
}
